
Microsoft Visual Studio Solution File, Format Version 12.00
# Visual Studio Version 17
VisualStudioVersion = 17.4.33213.308
MinimumVisualStudioVersion = 10.0.40219.1
Project("{FAE04EC0-301F-11D3-BF4B-00C04F79EFBC}") = "WEB_API", "WEB_API\WEB_API.csproj", "{908A6E1A-0DA8-4B34-B283-878A1CCDF733}"
EndProject
Global
	GlobalSection(SolutionConfigurationPlatforms) = preSolution
		Debug|Any CPU = Debug|Any CPU
		Release|Any CPU = Release|Any CPU
	EndGlobalSection
	GlobalSection(ProjectConfigurationPlatforms) = postSolution
		{908A6E1A-0DA8-4B34-B283-878A1CCDF733}.Debug|Any CPU.ActiveCfg = Debug|Any CPU
		{908A6E1A-0DA8-4B34-B283-878A1CCDF733}.Debug|Any CPU.Build.0 = Debug|Any CPU
		{908A6E1A-0DA8-4B34-B283-878A1CCDF733}.Release|Any CPU.ActiveCfg = Release|Any CPU
		{908A6E1A-0DA8-4B34-B283-878A1CCDF733}.Release|Any CPU.Build.0 = Release|Any CPU
	EndGlobalSection
	GlobalSection(SolutionProperties) = preSolution
		HideSolutionNode = FALSE
	EndGlobalSection
	GlobalSection(ExtensibilityGlobals) = postSolution
		SolutionGuid = {E54871D3-6635-42C4-9639-CDB0BDC97EE4}
	EndGlobalSection
EndGlobal
